
Microsoft Visual Studio Solution File, Format Version 12.00
Project("{FAE04EC0-301F-11D3-BF4B-00C04F79EFBC}") = "main", "src\c#\main\main.csproj", "{4D104E74-FC03-4368-A347-76C74A891549}"
EndProject
Project("{FAE04EC0-301F-11D3-BF4B-00C04F79EFBC}") = "test", "src\c#\test\test.csproj", "{7D67DCAA-72A3-4D94-8898-24F80D46339E}"
EndProject
Global
	GlobalSection(SolutionConfigurationPlatforms) = preSolution
		Debug|Any CPU = Debug|Any CPU
		Release|Any CPU = Release|Any CPU
	EndGlobalSection
	GlobalSection(ProjectConfigurationPlatforms) = postSolution
		{4D104E74-FC03-4368-A347-76C74A891549}.Debug|Any CPU.ActiveCfg = Debug|Any CPU
		{4D104E74-FC03-4368-A347-76C74A891549}.Debug|Any CPU.Build.0 = Debug|Any CPU
		{4D104E74-FC03-4368-A347-76C74A891549}.Release|Any CPU.ActiveCfg = Release|Any CPU
		{4D104E74-FC03-4368-A347-76C74A891549}.Release|Any CPU.Build.0 = Release|Any CPU
		{7D67DCAA-72A3-4D94-8898-24F80D46339E}.Debug|Any CPU.ActiveCfg = Debug|Any CPU
		{7D67DCAA-72A3-4D94-8898-24F80D46339E}.Debug|Any CPU.Build.0 = Debug|Any CPU
		{7D67DCAA-72A3-4D94-8898-24F80D46339E}.Release|Any CPU.ActiveCfg = Release|Any CPU
		{7D67DCAA-72A3-4D94-8898-24F80D46339E}.Release|Any CPU.Build.0 = Release|Any CPU
	EndGlobalSection
EndGlobal
